
Microsoft Visual Studio Solution File, Format Version 12.00
# Visual Studio Version 18
VisualStudioVersion = 18.1.11312.151
MinimumVisualStudioVersion = 10.0.40219.1
Project("{FAE04EC0-301F-11D3-BF4B-00C04F79EFBC}") = "CodeCasa.Dashboard", "src\CodeCasa.Dashboard\CodeCasa.Dashboard.csproj", "{D734015F-45B7-4689-A151-C279A5F6A61A}"
EndProject
Project("{FAE04EC0-301F-11D3-BF4B-00C04F79EFBC}") = "CodeCasa.AutoGenerated", "src\CodeCasa.AutoGenerated\CodeCasa.AutoGenerated.csproj", "{338F0D10-B628-451B-86D5-B22393778D7C}"
EndProject
Project("{FAE04EC0-301F-11D3-BF4B-00C04F79EFBC}") = "CodeCasa.Automations", "src\CodeCasa.Automations\CodeCasa.Automations.csproj", "{69E23803-F031-4294-8C32-3DBA59A3A08E}"
EndProject
Project("{FAE04EC0-301F-11D3-BF4B-00C04F79EFBC}") = "CodeCasa.NetDaemon.Utilities", "src\CodeCasa.NetDaemon.Utilities\CodeCasa.NetDaemon.Utilities.csproj", "{AF4EB14B-3F32-4DBD-8552-56CE2A470E48}"
EndProject
Project("{2150E333-8FDC-42A3-9474-1A3956D46DE8}") = "Entities", "Entities", "{B8417343-120D-42CE-9802-F9584E63E3AF}"
EndProject
Project("{FAE04EC0-301F-11D3-BF4B-00C04F79EFBC}") = "CodeCasa.Shared", "src\CodeCasa.Shared\CodeCasa.Shared.csproj", "{2497FDAA-46A9-4D2F-8411-98EE08FA2D23}"
EndProject
Project("{FAE04EC0-301F-11D3-BF4B-00C04F79EFBC}") = "CodeCasa.CustomEntities.Core", "src\CodeCasa.CustomEntities.Core\CodeCasa.CustomEntities.Core.csproj", "{601FA957-4116-4DB6-AA17-DF358DB4D149}"
EndProject
Project("{FAE04EC0-301F-11D3-BF4B-00C04F79EFBC}") = "CodeCasa.CustomEntities.Automation", "src\CodeCasa.CustomEntities.Automation\CodeCasa.CustomEntities.Automation.csproj", "{F91714FE-A475-4680-BF70-7B50E163DA3C}"
EndProject
Project("{2150E333-8FDC-42A3-9474-1A3956D46DE8}") = "CodeCasa", "CodeCasa", "{69FE0431-17B3-4A14-ABAE-BA106D3BF6DF}"
EndProject
Project("{FAE04EC0-301F-11D3-BF4B-00C04F79EFBC}") = "CodeCasa.Abstractions", "..\CodeCasa\src\CodeCasa.Abstractions\CodeCasa.Abstractions.csproj", "{EA05C3BC-A411-AFC7-0820-739AC4800BAA}"
EndProject
Project("{FAE04EC0-301F-11D3-BF4B-00C04F79EFBC}") = "CodeCasa.AutomationPipelines", "..\CodeCasa\src\CodeCasa.AutomationPipelines\CodeCasa.AutomationPipelines.csproj", "{DA77B96C-7E87-8A51-0A48-F818D85AA7BD}"
EndProject
Project("{FAE04EC0-301F-11D3-BF4B-00C04F79EFBC}") = "CodeCasa.AutomationPipelines.Lights", "..\CodeCasa\src\CodeCasa.AutomationPipelines.Lights\CodeCasa.AutomationPipelines.Lights.csproj", "{9D3D66D6-1263-F2D8-3252-56CD60CEAE9B}"
EndProject
Project("{FAE04EC0-301F-11D3-BF4B-00C04F79EFBC}") = "CodeCasa.AutomationPipelines.Lights.NetDaemon", "..\CodeCasa\src\CodeCasa.AutomationPipelines.Lights.NetDaemon\CodeCasa.AutomationPipelines.Lights.NetDaemon.csproj", "{D1431BA6-C9FA-D3F9-E9F4-3FDE8A2AEB9E}"
EndProject
Project("{FAE04EC0-301F-11D3-BF4B-00C04F79EFBC}") = "CodeCasa.Lights", "..\CodeCasa\src\CodeCasa.Lights\CodeCasa.Lights.csproj", "{946F6E93-4745-4E88-1EB2-D412F7FA4069}"
EndProject
Project("{FAE04EC0-301F-11D3-BF4B-00C04F79EFBC}") = "CodeCasa.Lights.NetDaemon", "..\CodeCasa\src\CodeCasa.Lights.NetDaemon\CodeCasa.Lights.NetDaemon.csproj", "{DF7DB0BF-3AEE-805F-16EE-74237FDC24FB}"
EndProject
Project("{FAE04EC0-301F-11D3-BF4B-00C04F79EFBC}") = "CodeCasa.Lights.NetDaemon.Scenes", "..\CodeCasa\src\CodeCasa.Lights.NetDaemon.Scenes\CodeCasa.Lights.NetDaemon.Scenes.csproj", "{01488D66-79A9-E199-2032-6E5108834C0D}"
EndProject
Project("{FAE04EC0-301F-11D3-BF4B-00C04F79EFBC}") = "CodeCasa.NetDaemon.Extensions.Observables", "..\CodeCasa\src\CodeCasa.NetDaemon.Extensions.Observables\CodeCasa.NetDaemon.Extensions.Observables.csproj", "{770317DB-B681-DE60-54DF-E221B3F39C48}"
EndProject
Project("{FAE04EC0-301F-11D3-BF4B-00C04F79EFBC}") = "CodeCasa.NetDaemon.RuntimeState", "..\CodeCasa\src\CodeCasa.NetDaemon.RuntimeState\CodeCasa.NetDaemon.RuntimeState.csproj", "{D72EED6A-8CD3-CDB6-7E7E-1781005CD6D8}"
EndProject
Project("{FAE04EC0-301F-11D3-BF4B-00C04F79EFBC}") = "CodeCasa.NetDaemon.TypedEntities", "..\CodeCasa\src\CodeCasa.NetDaemon.TypedEntities\CodeCasa.NetDaemon.TypedEntities.csproj", "{781677A8-D8B6-EBE7-6C4D-08961A68CBCD}"
EndProject
Project("{FAE04EC0-301F-11D3-BF4B-00C04F79EFBC}") = "CodeCasa.Notifications.InputSelect.NetDaemon", "..\CodeCasa\src\CodeCasa.Notifications.InputSelect.NetDaemon\CodeCasa.Notifications.InputSelect.NetDaemon.csproj", "{A48B5B2A-216A-A78B-C449-66372044C6F1}"
EndProject
Project("{FAE04EC0-301F-11D3-BF4B-00C04F79EFBC}") = "CodeCasa.Notifications.Lights", "..\CodeCasa\src\CodeCasa.Notifications.Lights\CodeCasa.Notifications.Lights.csproj", "{0F0DD0FE-7475-D32D-FF81-79D9E837CD21}"
EndProject
Project("{FAE04EC0-301F-11D3-BF4B-00C04F79EFBC}") = "CodeCasa.Notifications.Phone.NetDaemon", "..\CodeCasa\src\CodeCasa.Notifications.Phone.NetDaemon\CodeCasa.Notifications.Phone.NetDaemon.csproj", "{5E27A3C9-DEC8-EE85-3AD0-2AC35879186F}"
EndProject
Project("{FAE04EC0-301F-11D3-BF4B-00C04F79EFBC}") = "CodeCasa.NetDaemon.Sensors.Composite", "..\CodeCasa\src\CodeCasa.NetDaemon.Sensors.Composite\CodeCasa.NetDaemon.Sensors.Composite.csproj", "{C52ABD0A-8097-D982-629D-F57CCD5A4AA8}"
EndProject
Project("{FAE04EC0-301F-11D3-BF4B-00C04F79EFBC}") = "CodeCasa.Lights.Timelines", "..\CodeCasa\src\CodeCasa.Lights.Timelines\CodeCasa.Lights.Timelines.csproj", "{F0A38131-55E6-85EB-84A7-43B29068C457}"
EndProject
Project("{FAE04EC0-301F-11D3-BF4B-00C04F79EFBC}") = "CodeCasa.Mqtt", "src\CodeCasa.Mqtt\CodeCasa.Mqtt.csproj", "{E67C8206-7782-4548-9DB8-CB0DA6B330AC}"
EndProject
Global
	GlobalSection(SolutionConfigurationPlatforms) = preSolution
		Debug|Any CPU = Debug|Any CPU
		Release|Any CPU = Release|Any CPU
	EndGlobalSection
	GlobalSection(ProjectConfigurationPlatforms) = postSolution
		{D734015F-45B7-4689-A151-C279A5F6A61A}.Debug|Any CPU.ActiveCfg = Debug|Any CPU
		{D734015F-45B7-4689-A151-C279A5F6A61A}.Debug|Any CPU.Build.0 = Debug|Any CPU
		{D734015F-45B7-4689-A151-C279A5F6A61A}.Release|Any CPU.ActiveCfg = Release|Any CPU
		{D734015F-45B7-4689-A151-C279A5F6A61A}.Release|Any CPU.Build.0 = Release|Any CPU
		{338F0D10-B628-451B-86D5-B22393778D7C}.Debug|Any CPU.ActiveCfg = Debug|Any CPU
		{338F0D10-B628-451B-86D5-B22393778D7C}.Debug|Any CPU.Build.0 = Debug|Any CPU
		{338F0D10-B628-451B-86D5-B22393778D7C}.Release|Any CPU.ActiveCfg = Release|Any CPU
		{338F0D10-B628-451B-86D5-B22393778D7C}.Release|Any CPU.Build.0 = Release|Any CPU
		{69E23803-F031-4294-8C32-3DBA59A3A08E}.Debug|Any CPU.ActiveCfg = Debug|Any CPU
		{69E23803-F031-4294-8C32-3DBA59A3A08E}.Debug|Any CPU.Build.0 = Debug|Any CPU
		{69E23803-F031-4294-8C32-3DBA59A3A08E}.Release|Any CPU.ActiveCfg = Release|Any CPU
		{69E23803-F031-4294-8C32-3DBA59A3A08E}.Release|Any CPU.Build.0 = Release|Any CPU
		{AF4EB14B-3F32-4DBD-8552-56CE2A470E48}.Debug|Any CPU.ActiveCfg = Debug|Any CPU
		{AF4EB14B-3F32-4DBD-8552-56CE2A470E48}.Debug|Any CPU.Build.0 = Debug|Any CPU
		{AF4EB14B-3F32-4DBD-8552-56CE2A470E48}.Release|Any CPU.ActiveCfg = Release|Any CPU
		{AF4EB14B-3F32-4DBD-8552-56CE2A470E48}.Release|Any CPU.Build.0 = Release|Any CPU
		{2497FDAA-46A9-4D2F-8411-98EE08FA2D23}.Debug|Any CPU.ActiveCfg = Debug|Any CPU
		{2497FDAA-46A9-4D2F-8411-98EE08FA2D23}.Debug|Any CPU.Build.0 = Debug|Any CPU
		{2497FDAA-46A9-4D2F-8411-98EE08FA2D23}.Release|Any CPU.ActiveCfg = Release|Any CPU
		{2497FDAA-46A9-4D2F-8411-98EE08FA2D23}.Release|Any CPU.Build.0 = Release|Any CPU
		{601FA957-4116-4DB6-AA17-DF358DB4D149}.Debug|Any CPU.ActiveCfg = Debug|Any CPU
		{601FA957-4116-4DB6-AA17-DF358DB4D149}.Debug|Any CPU.Build.0 = Debug|Any CPU
		{601FA957-4116-4DB6-AA17-DF358DB4D149}.Release|Any CPU.ActiveCfg = Release|Any CPU
		{601FA957-4116-4DB6-AA17-DF358DB4D149}.Release|Any CPU.Build.0 = Release|Any CPU
		{F91714FE-A475-4680-BF70-7B50E163DA3C}.Debug|Any CPU.ActiveCfg = Debug|Any CPU
		{F91714FE-A475-4680-BF70-7B50E163DA3C}.Debug|Any CPU.Build.0 = Debug|Any CPU
		{F91714FE-A475-4680-BF70-7B50E163DA3C}.Release|Any CPU.ActiveCfg = Release|Any CPU
		{F91714FE-A475-4680-BF70-7B50E163DA3C}.Release|Any CPU.Build.0 = Release|Any CPU
		{EA05C3BC-A411-AFC7-0820-739AC4800BAA}.Debug|Any CPU.ActiveCfg = Debug|Any CPU
		{EA05C3BC-A411-AFC7-0820-739AC4800BAA}.Debug|Any CPU.Build.0 = Debug|Any CPU
		{EA05C3BC-A411-AFC7-0820-739AC4800BAA}.Release|Any CPU.ActiveCfg = Release|Any CPU
		{EA05C3BC-A411-AFC7-0820-739AC4800BAA}.Release|Any CPU.Build.0 = Release|Any CPU
		{DA77B96C-7E87-8A51-0A48-F818D85AA7BD}.Debug|Any CPU.ActiveCfg = Debug|Any CPU
		{DA77B96C-7E87-8A51-0A48-F818D85AA7BD}.Debug|Any CPU.Build.0 = Debug|Any CPU
		{DA77B96C-7E87-8A51-0A48-F818D85AA7BD}.Release|Any CPU.ActiveCfg = Release|Any CPU
		{DA77B96C-7E87-8A51-0A48-F818D85AA7BD}.Release|Any CPU.Build.0 = Release|Any CPU
		{9D3D66D6-1263-F2D8-3252-56CD60CEAE9B}.Debug|Any CPU.ActiveCfg = Debug|Any CPU
		{9D3D66D6-1263-F2D8-3252-56CD60CEAE9B}.Debug|Any CPU.Build.0 = Debug|Any CPU
		{9D3D66D6-1263-F2D8-3252-56CD60CEAE9B}.Release|Any CPU.ActiveCfg = Release|Any CPU
		{9D3D66D6-1263-F2D8-3252-56CD60CEAE9B}.Release|Any CPU.Build.0 = Release|Any CPU
		{D1431BA6-C9FA-D3F9-E9F4-3FDE8A2AEB9E}.Debug|Any CPU.ActiveCfg = Debug|Any CPU
		{D1431BA6-C9FA-D3F9-E9F4-3FDE8A2AEB9E}.Debug|Any CPU.Build.0 = Debug|Any CPU
		{D1431BA6-C9FA-D3F9-E9F4-3FDE8A2AEB9E}.Release|Any CPU.ActiveCfg = Release|Any CPU
		{D1431BA6-C9FA-D3F9-E9F4-3FDE8A2AEB9E}.Release|Any CPU.Build.0 = Release|Any CPU
		{946F6E93-4745-4E88-1EB2-D412F7FA4069}.Debug|Any CPU.ActiveCfg = Debug|Any CPU
		{946F6E93-4745-4E88-1EB2-D412F7FA4069}.Debug|Any CPU.Build.0 = Debug|Any CPU
		{946F6E93-4745-4E88-1EB2-D412F7FA4069}.Release|Any CPU.ActiveCfg = Release|Any CPU
		{946F6E93-4745-4E88-1EB2-D412F7FA4069}.Release|Any CPU.Build.0 = Release|Any CPU
		{DF7DB0BF-3AEE-805F-16EE-74237FDC24FB}.Debug|Any CPU.ActiveCfg = Debug|Any CPU
		{DF7DB0BF-3AEE-805F-16EE-74237FDC24FB}.Debug|Any CPU.Build.0 = Debug|Any CPU
		{DF7DB0BF-3AEE-805F-16EE-74237FDC24FB}.Release|Any CPU.ActiveCfg = Release|Any CPU
		{DF7DB0BF-3AEE-805F-16EE-74237FDC24FB}.Release|Any CPU.Build.0 = Release|Any CPU
		{01488D66-79A9-E199-2032-6E5108834C0D}.Debug|Any CPU.ActiveCfg = Debug|Any CPU
		{01488D66-79A9-E199-2032-6E5108834C0D}.Debug|Any CPU.Build.0 = Debug|Any CPU
		{01488D66-79A9-E199-2032-6E5108834C0D}.Release|Any CPU.ActiveCfg = Release|Any CPU
		{01488D66-79A9-E199-2032-6E5108834C0D}.Release|Any CPU.Build.0 = Release|Any CPU
		{770317DB-B681-DE60-54DF-E221B3F39C48}.Debug|Any CPU.ActiveCfg = Debug|Any CPU
		{770317DB-B681-DE60-54DF-E221B3F39C48}.Debug|Any CPU.Build.0 = Debug|Any CPU
		{770317DB-B681-DE60-54DF-E221B3F39C48}.Release|Any CPU.ActiveCfg = Release|Any CPU
		{770317DB-B681-DE60-54DF-E221B3F39C48}.Release|Any CPU.Build.0 = Release|Any CPU
		{D72EED6A-8CD3-CDB6-7E7E-1781005CD6D8}.Debug|Any CPU.ActiveCfg = Debug|Any CPU
		{D72EED6A-8CD3-CDB6-7E7E-1781005CD6D8}.Debug|Any CPU.Build.0 = Debug|Any CPU
		{D72EED6A-8CD3-CDB6-7E7E-1781005CD6D8}.Release|Any CPU.ActiveCfg = Release|Any CPU
		{D72EED6A-8CD3-CDB6-7E7E-1781005CD6D8}.Release|Any CPU.Build.0 = Release|Any CPU
		{781677A8-D8B6-EBE7-6C4D-08961A68CBCD}.Debug|Any CPU.ActiveCfg = Debug|Any CPU
		{781677A8-D8B6-EBE7-6C4D-08961A68CBCD}.Debug|Any CPU.Build.0 = Debug|Any CPU
		{781677A8-D8B6-EBE7-6C4D-08961A68CBCD}.Release|Any CPU.ActiveCfg = Release|Any CPU
		{781677A8-D8B6-EBE7-6C4D-08961A68CBCD}.Release|Any CPU.Build.0 = Release|Any CPU
		{A48B5B2A-216A-A78B-C449-66372044C6F1}.Debug|Any CPU.ActiveCfg = Debug|Any CPU
		{A48B5B2A-216A-A78B-C449-66372044C6F1}.Debug|Any CPU.Build.0 = Debug|Any CPU
		{A48B5B2A-216A-A78B-C449-66372044C6F1}.Release|Any CPU.ActiveCfg = Release|Any CPU
		{A48B5B2A-216A-A78B-C449-66372044C6F1}.Release|Any CPU.Build.0 = Release|Any CPU
		{0F0DD0FE-7475-D32D-FF81-79D9E837CD21}.Debug|Any CPU.ActiveCfg = Debug|Any CPU
		{0F0DD0FE-7475-D32D-FF81-79D9E837CD21}.Debug|Any CPU.Build.0 = Debug|Any CPU
		{0F0DD0FE-7475-D32D-FF81-79D9E837CD21}.Release|Any CPU.ActiveCfg = Release|Any CPU
		{0F0DD0FE-7475-D32D-FF81-79D9E837CD21}.Release|Any CPU.Build.0 = Release|Any CPU
		{5E27A3C9-DEC8-EE85-3AD0-2AC35879186F}.Debug|Any CPU.ActiveCfg = Debug|Any CPU
		{5E27A3C9-DEC8-EE85-3AD0-2AC35879186F}.Debug|Any CPU.Build.0 = Debug|Any CPU
		{5E27A3C9-DEC8-EE85-3AD0-2AC35879186F}.Release|Any CPU.ActiveCfg = Release|Any CPU
		{5E27A3C9-DEC8-EE85-3AD0-2AC35879186F}.Release|Any CPU.Build.0 = Release|Any CPU
		{C52ABD0A-8097-D982-629D-F57CCD5A4AA8}.Debug|Any CPU.ActiveCfg = Debug|Any CPU
		{C52ABD0A-8097-D982-629D-F57CCD5A4AA8}.Debug|Any CPU.Build.0 = Debug|Any CPU
		{C52ABD0A-8097-D982-629D-F57CCD5A4AA8}.Release|Any CPU.ActiveCfg = Release|Any CPU
		{C52ABD0A-8097-D982-629D-F57CCD5A4AA8}.Release|Any CPU.Build.0 = Release|Any CPU
		{F0A38131-55E6-85EB-84A7-43B29068C457}.Debug|Any CPU.ActiveCfg = Debug|Any CPU
		{F0A38131-55E6-85EB-84A7-43B29068C457}.Debug|Any CPU.Build.0 = Debug|Any CPU
		{F0A38131-55E6-85EB-84A7-43B29068C457}.Release|Any CPU.ActiveCfg = Release|Any CPU
		{F0A38131-55E6-85EB-84A7-43B29068C457}.Release|Any CPU.Build.0 = Release|Any CPU
		{E67C8206-7782-4548-9DB8-CB0DA6B330AC}.Debug|Any CPU.ActiveCfg = Debug|Any CPU
		{E67C8206-7782-4548-9DB8-CB0DA6B330AC}.Debug|Any CPU.Build.0 = Debug|Any CPU
		{E67C8206-7782-4548-9DB8-CB0DA6B330AC}.Release|Any CPU.ActiveCfg = Release|Any CPU
		{E67C8206-7782-4548-9DB8-CB0DA6B330AC}.Release|Any CPU.Build.0 = Release|Any CPU
	EndGlobalSection
	GlobalSection(SolutionProperties) = preSolution
		HideSolutionNode = FALSE
	EndGlobalSection
	GlobalSection(NestedProjects) = preSolution
		{338F0D10-B628-451B-86D5-B22393778D7C} = {B8417343-120D-42CE-9802-F9584E63E3AF}
		{601FA957-4116-4DB6-AA17-DF358DB4D149} = {B8417343-120D-42CE-9802-F9584E63E3AF}
		{F91714FE-A475-4680-BF70-7B50E163DA3C} = {B8417343-120D-42CE-9802-F9584E63E3AF}
		{EA05C3BC-A411-AFC7-0820-739AC4800BAA} = {69FE0431-17B3-4A14-ABAE-BA106D3BF6DF}
		{DA77B96C-7E87-8A51-0A48-F818D85AA7BD} = {69FE0431-17B3-4A14-ABAE-BA106D3BF6DF}
		{9D3D66D6-1263-F2D8-3252-56CD60CEAE9B} = {69FE0431-17B3-4A14-ABAE-BA106D3BF6DF}
		{D1431BA6-C9FA-D3F9-E9F4-3FDE8A2AEB9E} = {69FE0431-17B3-4A14-ABAE-BA106D3BF6DF}
		{946F6E93-4745-4E88-1EB2-D412F7FA4069} = {69FE0431-17B3-4A14-ABAE-BA106D3BF6DF}
		{DF7DB0BF-3AEE-805F-16EE-74237FDC24FB} = {69FE0431-17B3-4A14-ABAE-BA106D3BF6DF}
		{01488D66-79A9-E199-2032-6E5108834C0D} = {69FE0431-17B3-4A14-ABAE-BA106D3BF6DF}
		{770317DB-B681-DE60-54DF-E221B3F39C48} = {69FE0431-17B3-4A14-ABAE-BA106D3BF6DF}
		{D72EED6A-8CD3-CDB6-7E7E-1781005CD6D8} = {69FE0431-17B3-4A14-ABAE-BA106D3BF6DF}
		{781677A8-D8B6-EBE7-6C4D-08961A68CBCD} = {69FE0431-17B3-4A14-ABAE-BA106D3BF6DF}
		{A48B5B2A-216A-A78B-C449-66372044C6F1} = {69FE0431-17B3-4A14-ABAE-BA106D3BF6DF}
		{0F0DD0FE-7475-D32D-FF81-79D9E837CD21} = {69FE0431-17B3-4A14-ABAE-BA106D3BF6DF}
		{5E27A3C9-DEC8-EE85-3AD0-2AC35879186F} = {69FE0431-17B3-4A14-ABAE-BA106D3BF6DF}
		{C52ABD0A-8097-D982-629D-F57CCD5A4AA8} = {69FE0431-17B3-4A14-ABAE-BA106D3BF6DF}
		{F0A38131-55E6-85EB-84A7-43B29068C457} = {69FE0431-17B3-4A14-ABAE-BA106D3BF6DF}
	EndGlobalSection
	GlobalSection(ExtensibilityGlobals) = postSolution
		SolutionGuid = {C77A270A-D381-419D-AEA1-1592AA2B4B6E}
	EndGlobalSection
EndGlobal
